
Microsoft Visual Studio Solution File, Format Version 12.00
# Visual Studio Version 17
VisualStudioVersion = 17.8.34601.278
MinimumVisualStudioVersion = 10.0.40219.1
Project("{2150E333-8FDC-42A3-9474-1A3956D46DE8}") = "solution items", "solution items", "{07A357DB-E126-4B77-827F-07BA30462E9E}"
	ProjectSection(SolutionItems) = preProject
		SolutionItems\.dockerignore = SolutionItems\.dockerignore
		SolutionItems\.editorconfig = SolutionItems\.editorconfig
		SolutionItems\.gitattributes = SolutionItems\.gitattributes
		SolutionItems\.gitignore = SolutionItems\.gitignore
		src\docker-compose.yml = src\docker-compose.yml
		src\docker-override-compose.yml = src\docker-override-compose.yml
	EndProjectSection
EndProject
Project("{2150E333-8FDC-42A3-9474-1A3956D46DE8}") = "src", "src", "{E4848414-3A13-4195-A766-6453182A4BB2}"
EndProject
Project("{2150E333-8FDC-42A3-9474-1A3956D46DE8}") = "ApiGateWays", "ApiGateWays", "{22F7C3D1-341E-4365-9EBB-8EBD8ABD719A}"
EndProject
Project("{2150E333-8FDC-42A3-9474-1A3956D46DE8}") = "BuildingBlocks", "BuildingBlocks", "{CBDA8801-4FEE-46C3-9C44-539B6FC9A218}"
EndProject
Project("{2150E333-8FDC-42A3-9474-1A3956D46DE8}") = "Services", "Services", "{75A1D3AF-E61F-4BD1-BF3E-DD5E8DD99BDF}"
EndProject
Project("{2150E333-8FDC-42A3-9474-1A3956D46DE8}") = "Webapps", "Webapps", "{FBC6D3B6-F201-48CA-9C78-49D98A89892D}"
EndProject
Project("{2150E333-8FDC-42A3-9474-1A3956D46DE8}") = "Test", "Test", "{924D6EA3-525E-4EEC-A6FA-A64AFD91645A}"
EndProject
Project("{2150E333-8FDC-42A3-9474-1A3956D46DE8}") = "Distance.Service", "Distance.Service", "{82A1801E-70A2-4C51-AA48-3F76002562EB}"
EndProject
Project("{2150E333-8FDC-42A3-9474-1A3956D46DE8}") = "Hangfire.Service", "Hangfire.Service", "{663247DD-CE31-4D49-BCAF-D62802DEA7AE}"
EndProject
Project("{2150E333-8FDC-42A3-9474-1A3956D46DE8}") = "SearchPartners.Service", "SearchPartners.Service", "{C85DB5B5-94B7-4176-9256-B671D7EB90A6}"
EndProject
Project("{2150E333-8FDC-42A3-9474-1A3956D46DE8}") = "Post.Service", "Post.Service", "{19F4CAF1-9A8A-484E-8733-32C04065BA50}"
EndProject
Project("{2150E333-8FDC-42A3-9474-1A3956D46DE8}") = "Setting.Service", "Setting.Service", "{314D6868-8A7F-4FE2-8A1B-AB29D8D151C3}"
EndProject
Project("{2150E333-8FDC-42A3-9474-1A3956D46DE8}") = "User.Service", "User.Service", "{5EB6FABA-0343-4DEA-8377-9840C179EA9A}"
EndProject
Project("{9A19103F-16F7-4668-BE54-9A1E7A4F7556}") = "Distance.Service", "src\Services\Distance.Service\Distance.Service.csproj", "{A5AD3A9E-10E9-49C2-8544-53BFEF8D00A2}"
EndProject
Project("{9A19103F-16F7-4668-BE54-9A1E7A4F7556}") = "Commons", "src\BuildingBlocks\Commons\Commons.csproj", "{8576630E-B27E-4202-A746-966A32D2D8D9}"
EndProject
Project("{9A19103F-16F7-4668-BE54-9A1E7A4F7556}") = "Contracts", "src\BuildingBlocks\Contracts\Contracts.csproj", "{BAA3B4EF-EEB0-4513-A72D-DC3FE3BA4721}"
EndProject
Project("{9A19103F-16F7-4668-BE54-9A1E7A4F7556}") = "Events", "src\BuildingBlocks\Events\Events.csproj", "{4EA69797-A724-48CB-B389-97183248BD43}"
EndProject
Project("{9A19103F-16F7-4668-BE54-9A1E7A4F7556}") = "Infrastructure", "src\BuildingBlocks\Infrastructure\Infrastructure.csproj", "{70836EB6-ACD5-49D8-ACB2-C84461429769}"
EndProject
Project("{9A19103F-16F7-4668-BE54-9A1E7A4F7556}") = "Shared", "src\BuildingBlocks\Shared\Shared.csproj", "{274B9DDC-F941-41A2-924A-53CCEF67C39F}"
EndProject
Project("{9A19103F-16F7-4668-BE54-9A1E7A4F7556}") = "HangfireJob.Service", "src\Services\Hangfire.Service\HangfireJob.Service.csproj", "{AB167B75-4DC2-44D8-B4FC-4BAF69011DA0}"
EndProject
Project("{9A19103F-16F7-4668-BE54-9A1E7A4F7556}") = "SearchPartners.Aggregate.Service", "src\Services\SearchPartnert.Service\SearchPartners.Aggregate.Service\SearchPartners.Aggregate.Service.csproj", "{49C05329-6681-4A25-AE81-52B5EFC54B90}"
EndProject
Project("{9A19103F-16F7-4668-BE54-9A1E7A4F7556}") = "SearchPartners.Service", "src\Services\SearchPartnert.Service\SearchPartners.Service\SearchPartners.Service.csproj", "{185E74E1-79DC-4F4E-98DC-A97A9CF846B8}"
EndProject
Project("{9A19103F-16F7-4668-BE54-9A1E7A4F7556}") = "Setting.Service", "src\Services\Setting.Service\Setting.API\Setting.Service.csproj", "{F18A6954-3B47-4893-A76D-05A419D197EA}"
EndProject
Project("{9A19103F-16F7-4668-BE54-9A1E7A4F7556}") = "Setting.Application", "src\Services\Setting.Service\Setting.Application\Setting.Application.csproj", "{F5AA982B-4FEA-4849-9546-3E413680575B}"
EndProject
Project("{9A19103F-16F7-4668-BE54-9A1E7A4F7556}") = "Setting.Domain", "src\Services\Setting.Service\Setting.Domain\Setting.Domain.csproj", "{47609876-5CDA-43D9-9B00-C33060E8CDED}"
EndProject
Project("{9A19103F-16F7-4668-BE54-9A1E7A4F7556}") = "Setting.Infrastructure", "src\Services\Setting.Service\Setting.Infrastructure\Setting.Infrastructure.csproj", "{BD5B7A22-5720-4D6C-9ACB-6D808E485670}"
EndProject
Project("{9A19103F-16F7-4668-BE54-9A1E7A4F7556}") = "User.Service", "src\Services\User.Service\User.API\User.Service.csproj", "{9C0EE614-191D-4D2F-B83D-B075457B9CFA}"
EndProject
Project("{9A19103F-16F7-4668-BE54-9A1E7A4F7556}") = "User.Application", "src\Services\User.Service\User.Aplication\User.Application.csproj", "{AB5140F1-1F01-4E2C-9AAC-0521785C998E}"
EndProject
Project("{9A19103F-16F7-4668-BE54-9A1E7A4F7556}") = "User.Domain", "src\Services\User.Service\User.Domain\User.Domain.csproj", "{2548F990-E674-462E-B4CD-1BEEB2286856}"
EndProject
Project("{9A19103F-16F7-4668-BE54-9A1E7A4F7556}") = "User.Infrastructure", "src\Services\User.Service\User.Infrastructure\User.Infrastructure.csproj", "{F98FF8C7-BAE0-450E-ABE4-6497989B81CD}"
EndProject
Project("{9A19103F-16F7-4668-BE54-9A1E7A4F7556}") = "WebApps", "src\Webapps\WebApps.csproj", "{D6C53885-95A4-475C-8779-7AD8A59F896B}"
EndProject
Project("{9A19103F-16F7-4668-BE54-9A1E7A4F7556}") = "ExternalAPI", "src\BuildingBlocks\ExternalAPI\ExternalAPI.csproj", "{88A6FFE2-80D5-453C-825D-2C8C471C3899}"
EndProject
Project("{2150E333-8FDC-42A3-9474-1A3956D46DE8}") = "API.Intergration.Config.Service", "API.Intergration.Config.Service", "{121BCB13-627C-41DD-8899-2083C698F2A4}"
EndProject
Project("{9A19103F-16F7-4668-BE54-9A1E7A4F7556}") = "API.Intergration.Config.Service", "src\Services\API.Intergration.Config.Service\API.Intergration.Config.Service.csproj", "{0858F6F4-BC71-467E-94E4-AC0EE2B8F258}"
EndProject
Project("{2150E333-8FDC-42A3-9474-1A3956D46DE8}") = "Post.Aggregate", "Post.Aggregate", "{8238CB7E-6F66-40DC-861C-AEBE50F4887A}"
EndProject
Project("{2150E333-8FDC-42A3-9474-1A3956D46DE8}") = "Post.Service", "Post.Service", "{3D0230CC-6D28-4B4D-B3BA-58302301F78A}"
EndProject
Project("{9A19103F-16F7-4668-BE54-9A1E7A4F7556}") = "Post.Application", "src\Services\Post.Service\Post.Service\Post.Application\Post.Application.csproj", "{4BE33719-6EED-44E8-8B66-FF40F62EAE8B}"
EndProject
Project("{9A19103F-16F7-4668-BE54-9A1E7A4F7556}") = "Post.Domain", "src\Services\Post.Service\Post.Service\Post.Domain\Post.Domain.csproj", "{BCD67FE1-B1B8-4932-BD24-95D4021CA56E}"
EndProject
Project("{9A19103F-16F7-4668-BE54-9A1E7A4F7556}") = "Post.Infrastructure", "src\Services\Post.Service\Post.Service\Post.Infrastructure\Post.Infrastructure.csproj", "{217B6BED-02AA-4029-BC61-ECDE6EDB9B2C}"
EndProject
Project("{9A19103F-16F7-4668-BE54-9A1E7A4F7556}") = "Post.Aggregate.Service", "src\Services\Post.Service\Post.Aggregate.Service\Post.Aggregate.Service.csproj", "{0D9949E4-D87E-409A-AD68-E517F8337728}"
EndProject
Project("{9A19103F-16F7-4668-BE54-9A1E7A4F7556}") = "Post.Service", "src\Services\Post.Service\Post.Service\Post.API\Post.Service.csproj", "{4C2FA2E9-8AB2-4ADE-BE89-2C34EF6301AC}"
EndProject
Project("{2150E333-8FDC-42A3-9474-1A3956D46DE8}") = "Management.Photo.Service", "Management.Photo.Service", "{03493AD5-AC85-479D-82FD-E2EE817E1AA8}"
EndProject
Project("{9A19103F-16F7-4668-BE54-9A1E7A4F7556}") = "Management.Photo.Domain", "src\Services\Management.Photo.Service\Management.Photo.Domain\Management.Photo.Domain.csproj", "{AC1DBE39-4F6B-4391-91DC-2214C8475996}"
EndProject
Project("{9A19103F-16F7-4668-BE54-9A1E7A4F7556}") = "Management.Photo.Infrastructure", "src\Services\Management.Photo.Service\Management.Photo.Infrastructure\Management.Photo.Infrastructure.csproj", "{51C5E6C3-E14F-44F4-B0EB-328051845B9F}"
EndProject
Project("{9A19103F-16F7-4668-BE54-9A1E7A4F7556}") = "Management.Photo.Application", "src\Services\Management.Photo.Service\Management.Photo.Application\Management.Photo.Application.csproj", "{B65ADC4D-E634-4D2F-8E81-E159893FCB98}"
EndProject
Project("{9A19103F-16F7-4668-BE54-9A1E7A4F7556}") = "Management.Photo.Service", "src\Services\Management.Photo.Service\Management.Photo.Service\Management.Photo.Service.csproj", "{B86F0550-B934-4C1A-89F9-310CB4B5660D}"
EndProject
Global
	GlobalSection(SolutionConfigurationPlatforms) = preSolution
		Debug|Any CPU = Debug|Any CPU
		Release|Any CPU = Release|Any CPU
	EndGlobalSection
	GlobalSection(ProjectConfigurationPlatforms) = postSolution
		{A5AD3A9E-10E9-49C2-8544-53BFEF8D00A2}.Debug|Any CPU.ActiveCfg = Debug|Any CPU
		{A5AD3A9E-10E9-49C2-8544-53BFEF8D00A2}.Debug|Any CPU.Build.0 = Debug|Any CPU
		{A5AD3A9E-10E9-49C2-8544-53BFEF8D00A2}.Release|Any CPU.ActiveCfg = Release|Any CPU
		{A5AD3A9E-10E9-49C2-8544-53BFEF8D00A2}.Release|Any CPU.Build.0 = Release|Any CPU
		{8576630E-B27E-4202-A746-966A32D2D8D9}.Debug|Any CPU.ActiveCfg = Debug|Any CPU
		{8576630E-B27E-4202-A746-966A32D2D8D9}.Debug|Any CPU.Build.0 = Debug|Any CPU
		{8576630E-B27E-4202-A746-966A32D2D8D9}.Release|Any CPU.ActiveCfg = Release|Any CPU
		{8576630E-B27E-4202-A746-966A32D2D8D9}.Release|Any CPU.Build.0 = Release|Any CPU
		{BAA3B4EF-EEB0-4513-A72D-DC3FE3BA4721}.Debug|Any CPU.ActiveCfg = Debug|Any CPU
		{BAA3B4EF-EEB0-4513-A72D-DC3FE3BA4721}.Debug|Any CPU.Build.0 = Debug|Any CPU
		{BAA3B4EF-EEB0-4513-A72D-DC3FE3BA4721}.Release|Any CPU.ActiveCfg = Release|Any CPU
		{BAA3B4EF-EEB0-4513-A72D-DC3FE3BA4721}.Release|Any CPU.Build.0 = Release|Any CPU
		{4EA69797-A724-48CB-B389-97183248BD43}.Debug|Any CPU.ActiveCfg = Debug|Any CPU
		{4EA69797-A724-48CB-B389-97183248BD43}.Debug|Any CPU.Build.0 = Debug|Any CPU
		{4EA69797-A724-48CB-B389-97183248BD43}.Release|Any CPU.ActiveCfg = Release|Any CPU
		{4EA69797-A724-48CB-B389-97183248BD43}.Release|Any CPU.Build.0 = Release|Any CPU
		{70836EB6-ACD5-49D8-ACB2-C84461429769}.Debug|Any CPU.ActiveCfg = Debug|Any CPU
		{70836EB6-ACD5-49D8-ACB2-C84461429769}.Debug|Any CPU.Build.0 = Debug|Any CPU
		{70836EB6-ACD5-49D8-ACB2-C84461429769}.Release|Any CPU.ActiveCfg = Release|Any CPU
		{70836EB6-ACD5-49D8-ACB2-C84461429769}.Release|Any CPU.Build.0 = Release|Any CPU
		{274B9DDC-F941-41A2-924A-53CCEF67C39F}.Debug|Any CPU.ActiveCfg = Debug|Any CPU
		{274B9DDC-F941-41A2-924A-53CCEF67C39F}.Debug|Any CPU.Build.0 = Debug|Any CPU
		{274B9DDC-F941-41A2-924A-53CCEF67C39F}.Release|Any CPU.ActiveCfg = Release|Any CPU
		{274B9DDC-F941-41A2-924A-53CCEF67C39F}.Release|Any CPU.Build.0 = Release|Any CPU
		{AB167B75-4DC2-44D8-B4FC-4BAF69011DA0}.Debug|Any CPU.ActiveCfg = Debug|Any CPU
		{AB167B75-4DC2-44D8-B4FC-4BAF69011DA0}.Debug|Any CPU.Build.0 = Debug|Any CPU
		{AB167B75-4DC2-44D8-B4FC-4BAF69011DA0}.Release|Any CPU.ActiveCfg = Release|Any CPU
		{AB167B75-4DC2-44D8-B4FC-4BAF69011DA0}.Release|Any CPU.Build.0 = Release|Any CPU
		{49C05329-6681-4A25-AE81-52B5EFC54B90}.Debug|Any CPU.ActiveCfg = Debug|Any CPU
		{49C05329-6681-4A25-AE81-52B5EFC54B90}.Debug|Any CPU.Build.0 = Debug|Any CPU
		{49C05329-6681-4A25-AE81-52B5EFC54B90}.Release|Any CPU.ActiveCfg = Release|Any CPU
		{49C05329-6681-4A25-AE81-52B5EFC54B90}.Release|Any CPU.Build.0 = Release|Any CPU
		{185E74E1-79DC-4F4E-98DC-A97A9CF846B8}.Debug|Any CPU.ActiveCfg = Debug|Any CPU
		{185E74E1-79DC-4F4E-98DC-A97A9CF846B8}.Debug|Any CPU.Build.0 = Debug|Any CPU
		{185E74E1-79DC-4F4E-98DC-A97A9CF846B8}.Release|Any CPU.ActiveCfg = Release|Any CPU
		{185E74E1-79DC-4F4E-98DC-A97A9CF846B8}.Release|Any CPU.Build.0 = Release|Any CPU
		{F18A6954-3B47-4893-A76D-05A419D197EA}.Debug|Any CPU.ActiveCfg = Debug|Any CPU
		{F18A6954-3B47-4893-A76D-05A419D197EA}.Debug|Any CPU.Build.0 = Debug|Any CPU
		{F18A6954-3B47-4893-A76D-05A419D197EA}.Release|Any CPU.ActiveCfg = Release|Any CPU
		{F18A6954-3B47-4893-A76D-05A419D197EA}.Release|Any CPU.Build.0 = Release|Any CPU
		{F5AA982B-4FEA-4849-9546-3E413680575B}.Debug|Any CPU.ActiveCfg = Debug|Any CPU
		{F5AA982B-4FEA-4849-9546-3E413680575B}.Debug|Any CPU.Build.0 = Debug|Any CPU
		{F5AA982B-4FEA-4849-9546-3E413680575B}.Release|Any CPU.ActiveCfg = Release|Any CPU
		{F5AA982B-4FEA-4849-9546-3E413680575B}.Release|Any CPU.Build.0 = Release|Any CPU
		{47609876-5CDA-43D9-9B00-C33060E8CDED}.Debug|Any CPU.ActiveCfg = Debug|Any CPU
		{47609876-5CDA-43D9-9B00-C33060E8CDED}.Debug|Any CPU.Build.0 = Debug|Any CPU
		{47609876-5CDA-43D9-9B00-C33060E8CDED}.Release|Any CPU.ActiveCfg = Release|Any CPU
		{47609876-5CDA-43D9-9B00-C33060E8CDED}.Release|Any CPU.Build.0 = Release|Any CPU
		{BD5B7A22-5720-4D6C-9ACB-6D808E485670}.Debug|Any CPU.ActiveCfg = Debug|Any CPU
		{BD5B7A22-5720-4D6C-9ACB-6D808E485670}.Debug|Any CPU.Build.0 = Debug|Any CPU
		{BD5B7A22-5720-4D6C-9ACB-6D808E485670}.Release|Any CPU.ActiveCfg = Release|Any CPU
		{BD5B7A22-5720-4D6C-9ACB-6D808E485670}.Release|Any CPU.Build.0 = Release|Any CPU
		{9C0EE614-191D-4D2F-B83D-B075457B9CFA}.Debug|Any CPU.ActiveCfg = Debug|Any CPU
		{9C0EE614-191D-4D2F-B83D-B075457B9CFA}.Debug|Any CPU.Build.0 = Debug|Any CPU
		{9C0EE614-191D-4D2F-B83D-B075457B9CFA}.Release|Any CPU.ActiveCfg = Release|Any CPU
		{9C0EE614-191D-4D2F-B83D-B075457B9CFA}.Release|Any CPU.Build.0 = Release|Any CPU
		{AB5140F1-1F01-4E2C-9AAC-0521785C998E}.Debug|Any CPU.ActiveCfg = Debug|Any CPU
		{AB5140F1-1F01-4E2C-9AAC-0521785C998E}.Debug|Any CPU.Build.0 = Debug|Any CPU
		{AB5140F1-1F01-4E2C-9AAC-0521785C998E}.Release|Any CPU.ActiveCfg = Release|Any CPU
		{AB5140F1-1F01-4E2C-9AAC-0521785C998E}.Release|Any CPU.Build.0 = Release|Any CPU
		{2548F990-E674-462E-B4CD-1BEEB2286856}.Debug|Any CPU.ActiveCfg = Debug|Any CPU
		{2548F990-E674-462E-B4CD-1BEEB2286856}.Debug|Any CPU.Build.0 = Debug|Any CPU
		{2548F990-E674-462E-B4CD-1BEEB2286856}.Release|Any CPU.ActiveCfg = Release|Any CPU
		{2548F990-E674-462E-B4CD-1BEEB2286856}.Release|Any CPU.Build.0 = Release|Any CPU
		{F98FF8C7-BAE0-450E-ABE4-6497989B81CD}.Debug|Any CPU.ActiveCfg = Debug|Any CPU
		{F98FF8C7-BAE0-450E-ABE4-6497989B81CD}.Debug|Any CPU.Build.0 = Debug|Any CPU
		{F98FF8C7-BAE0-450E-ABE4-6497989B81CD}.Release|Any CPU.ActiveCfg = Release|Any CPU
		{F98FF8C7-BAE0-450E-ABE4-6497989B81CD}.Release|Any CPU.Build.0 = Release|Any CPU
		{D6C53885-95A4-475C-8779-7AD8A59F896B}.Debug|Any CPU.ActiveCfg = Debug|Any CPU
		{D6C53885-95A4-475C-8779-7AD8A59F896B}.Debug|Any CPU.Build.0 = Debug|Any CPU
		{D6C53885-95A4-475C-8779-7AD8A59F896B}.Release|Any CPU.ActiveCfg = Release|Any CPU
		{D6C53885-95A4-475C-8779-7AD8A59F896B}.Release|Any CPU.Build.0 = Release|Any CPU
		{88A6FFE2-80D5-453C-825D-2C8C471C3899}.Debug|Any CPU.ActiveCfg = Debug|Any CPU
		{88A6FFE2-80D5-453C-825D-2C8C471C3899}.Debug|Any CPU.Build.0 = Debug|Any CPU
		{88A6FFE2-80D5-453C-825D-2C8C471C3899}.Release|Any CPU.ActiveCfg = Release|Any CPU
		{88A6FFE2-80D5-453C-825D-2C8C471C3899}.Release|Any CPU.Build.0 = Release|Any CPU
		{0858F6F4-BC71-467E-94E4-AC0EE2B8F258}.Debug|Any CPU.ActiveCfg = Debug|Any CPU
		{0858F6F4-BC71-467E-94E4-AC0EE2B8F258}.Debug|Any CPU.Build.0 = Debug|Any CPU
		{0858F6F4-BC71-467E-94E4-AC0EE2B8F258}.Release|Any CPU.ActiveCfg = Release|Any CPU
		{0858F6F4-BC71-467E-94E4-AC0EE2B8F258}.Release|Any CPU.Build.0 = Release|Any CPU
		{4BE33719-6EED-44E8-8B66-FF40F62EAE8B}.Debug|Any CPU.ActiveCfg = Debug|Any CPU
		{4BE33719-6EED-44E8-8B66-FF40F62EAE8B}.Debug|Any CPU.Build.0 = Debug|Any CPU
		{4BE33719-6EED-44E8-8B66-FF40F62EAE8B}.Release|Any CPU.ActiveCfg = Release|Any CPU
		{4BE33719-6EED-44E8-8B66-FF40F62EAE8B}.Release|Any CPU.Build.0 = Release|Any CPU
		{BCD67FE1-B1B8-4932-BD24-95D4021CA56E}.Debug|Any CPU.ActiveCfg = Debug|Any CPU
		{BCD67FE1-B1B8-4932-BD24-95D4021CA56E}.Debug|Any CPU.Build.0 = Debug|Any CPU
		{BCD67FE1-B1B8-4932-BD24-95D4021CA56E}.Release|Any CPU.ActiveCfg = Release|Any CPU
		{BCD67FE1-B1B8-4932-BD24-95D4021CA56E}.Release|Any CPU.Build.0 = Release|Any CPU
		{217B6BED-02AA-4029-BC61-ECDE6EDB9B2C}.Debug|Any CPU.ActiveCfg = Debug|Any CPU
		{217B6BED-02AA-4029-BC61-ECDE6EDB9B2C}.Debug|Any CPU.Build.0 = Debug|Any CPU
		{217B6BED-02AA-4029-BC61-ECDE6EDB9B2C}.Release|Any CPU.ActiveCfg = Release|Any CPU
		{217B6BED-02AA-4029-BC61-ECDE6EDB9B2C}.Release|Any CPU.Build.0 = Release|Any CPU
		{0D9949E4-D87E-409A-AD68-E517F8337728}.Debug|Any CPU.ActiveCfg = Debug|Any CPU
		{0D9949E4-D87E-409A-AD68-E517F8337728}.Debug|Any CPU.Build.0 = Debug|Any CPU
		{0D9949E4-D87E-409A-AD68-E517F8337728}.Release|Any CPU.ActiveCfg = Release|Any CPU
		{0D9949E4-D87E-409A-AD68-E517F8337728}.Release|Any CPU.Build.0 = Release|Any CPU
		{4C2FA2E9-8AB2-4ADE-BE89-2C34EF6301AC}.Debug|Any CPU.ActiveCfg = Debug|Any CPU
		{4C2FA2E9-8AB2-4ADE-BE89-2C34EF6301AC}.Debug|Any CPU.Build.0 = Debug|Any CPU
		{4C2FA2E9-8AB2-4ADE-BE89-2C34EF6301AC}.Release|Any CPU.ActiveCfg = Release|Any CPU
		{4C2FA2E9-8AB2-4ADE-BE89-2C34EF6301AC}.Release|Any CPU.Build.0 = Release|Any CPU
		{AC1DBE39-4F6B-4391-91DC-2214C8475996}.Debug|Any CPU.ActiveCfg = Debug|Any CPU
		{AC1DBE39-4F6B-4391-91DC-2214C8475996}.Debug|Any CPU.Build.0 = Debug|Any CPU
		{AC1DBE39-4F6B-4391-91DC-2214C8475996}.Release|Any CPU.ActiveCfg = Release|Any CPU
		{AC1DBE39-4F6B-4391-91DC-2214C8475996}.Release|Any CPU.Build.0 = Release|Any CPU
		{51C5E6C3-E14F-44F4-B0EB-328051845B9F}.Debug|Any CPU.ActiveCfg = Debug|Any CPU
		{51C5E6C3-E14F-44F4-B0EB-328051845B9F}.Debug|Any CPU.Build.0 = Debug|Any CPU
		{51C5E6C3-E14F-44F4-B0EB-328051845B9F}.Release|Any CPU.ActiveCfg = Release|Any CPU
		{51C5E6C3-E14F-44F4-B0EB-328051845B9F}.Release|Any CPU.Build.0 = Release|Any CPU
		{B65ADC4D-E634-4D2F-8E81-E159893FCB98}.Debug|Any CPU.ActiveCfg = Debug|Any CPU
		{B65ADC4D-E634-4D2F-8E81-E159893FCB98}.Debug|Any CPU.Build.0 = Debug|Any CPU
		{B65ADC4D-E634-4D2F-8E81-E159893FCB98}.Release|Any CPU.ActiveCfg = Release|Any CPU
		{B65ADC4D-E634-4D2F-8E81-E159893FCB98}.Release|Any CPU.Build.0 = Release|Any CPU
		{B86F0550-B934-4C1A-89F9-310CB4B5660D}.Debug|Any CPU.ActiveCfg = Debug|Any CPU
		{B86F0550-B934-4C1A-89F9-310CB4B5660D}.Debug|Any CPU.Build.0 = Debug|Any CPU
		{B86F0550-B934-4C1A-89F9-310CB4B5660D}.Release|Any CPU.ActiveCfg = Release|Any CPU
		{B86F0550-B934-4C1A-89F9-310CB4B5660D}.Release|Any CPU.Build.0 = Release|Any CPU
	EndGlobalSection
	GlobalSection(SolutionProperties) = preSolution
		HideSolutionNode = FALSE
	EndGlobalSection
	GlobalSection(NestedProjects) = preSolution
		{22F7C3D1-341E-4365-9EBB-8EBD8ABD719A} = {E4848414-3A13-4195-A766-6453182A4BB2}
		{CBDA8801-4FEE-46C3-9C44-539B6FC9A218} = {E4848414-3A13-4195-A766-6453182A4BB2}
		{75A1D3AF-E61F-4BD1-BF3E-DD5E8DD99BDF} = {E4848414-3A13-4195-A766-6453182A4BB2}
		{FBC6D3B6-F201-48CA-9C78-49D98A89892D} = {E4848414-3A13-4195-A766-6453182A4BB2}
		{82A1801E-70A2-4C51-AA48-3F76002562EB} = {75A1D3AF-E61F-4BD1-BF3E-DD5E8DD99BDF}
		{663247DD-CE31-4D49-BCAF-D62802DEA7AE} = {75A1D3AF-E61F-4BD1-BF3E-DD5E8DD99BDF}
		{C85DB5B5-94B7-4176-9256-B671D7EB90A6} = {75A1D3AF-E61F-4BD1-BF3E-DD5E8DD99BDF}
		{19F4CAF1-9A8A-484E-8733-32C04065BA50} = {75A1D3AF-E61F-4BD1-BF3E-DD5E8DD99BDF}
		{314D6868-8A7F-4FE2-8A1B-AB29D8D151C3} = {75A1D3AF-E61F-4BD1-BF3E-DD5E8DD99BDF}
		{5EB6FABA-0343-4DEA-8377-9840C179EA9A} = {75A1D3AF-E61F-4BD1-BF3E-DD5E8DD99BDF}
		{A5AD3A9E-10E9-49C2-8544-53BFEF8D00A2} = {82A1801E-70A2-4C51-AA48-3F76002562EB}
		{8576630E-B27E-4202-A746-966A32D2D8D9} = {CBDA8801-4FEE-46C3-9C44-539B6FC9A218}
		{BAA3B4EF-EEB0-4513-A72D-DC3FE3BA4721} = {CBDA8801-4FEE-46C3-9C44-539B6FC9A218}
		{4EA69797-A724-48CB-B389-97183248BD43} = {CBDA8801-4FEE-46C3-9C44-539B6FC9A218}
		{70836EB6-ACD5-49D8-ACB2-C84461429769} = {CBDA8801-4FEE-46C3-9C44-539B6FC9A218}
		{274B9DDC-F941-41A2-924A-53CCEF67C39F} = {CBDA8801-4FEE-46C3-9C44-539B6FC9A218}
		{AB167B75-4DC2-44D8-B4FC-4BAF69011DA0} = {663247DD-CE31-4D49-BCAF-D62802DEA7AE}
		{49C05329-6681-4A25-AE81-52B5EFC54B90} = {C85DB5B5-94B7-4176-9256-B671D7EB90A6}
		{185E74E1-79DC-4F4E-98DC-A97A9CF846B8} = {C85DB5B5-94B7-4176-9256-B671D7EB90A6}
		{F18A6954-3B47-4893-A76D-05A419D197EA} = {314D6868-8A7F-4FE2-8A1B-AB29D8D151C3}
		{F5AA982B-4FEA-4849-9546-3E413680575B} = {314D6868-8A7F-4FE2-8A1B-AB29D8D151C3}
		{47609876-5CDA-43D9-9B00-C33060E8CDED} = {314D6868-8A7F-4FE2-8A1B-AB29D8D151C3}
		{BD5B7A22-5720-4D6C-9ACB-6D808E485670} = {314D6868-8A7F-4FE2-8A1B-AB29D8D151C3}
		{9C0EE614-191D-4D2F-B83D-B075457B9CFA} = {5EB6FABA-0343-4DEA-8377-9840C179EA9A}
		{AB5140F1-1F01-4E2C-9AAC-0521785C998E} = {5EB6FABA-0343-4DEA-8377-9840C179EA9A}
		{2548F990-E674-462E-B4CD-1BEEB2286856} = {5EB6FABA-0343-4DEA-8377-9840C179EA9A}
		{F98FF8C7-BAE0-450E-ABE4-6497989B81CD} = {5EB6FABA-0343-4DEA-8377-9840C179EA9A}
		{D6C53885-95A4-475C-8779-7AD8A59F896B} = {FBC6D3B6-F201-48CA-9C78-49D98A89892D}
		{88A6FFE2-80D5-453C-825D-2C8C471C3899} = {CBDA8801-4FEE-46C3-9C44-539B6FC9A218}
		{121BCB13-627C-41DD-8899-2083C698F2A4} = {75A1D3AF-E61F-4BD1-BF3E-DD5E8DD99BDF}
		{0858F6F4-BC71-467E-94E4-AC0EE2B8F258} = {121BCB13-627C-41DD-8899-2083C698F2A4}
		{8238CB7E-6F66-40DC-861C-AEBE50F4887A} = {19F4CAF1-9A8A-484E-8733-32C04065BA50}
		{3D0230CC-6D28-4B4D-B3BA-58302301F78A} = {19F4CAF1-9A8A-484E-8733-32C04065BA50}
		{4BE33719-6EED-44E8-8B66-FF40F62EAE8B} = {3D0230CC-6D28-4B4D-B3BA-58302301F78A}
		{BCD67FE1-B1B8-4932-BD24-95D4021CA56E} = {3D0230CC-6D28-4B4D-B3BA-58302301F78A}
		{217B6BED-02AA-4029-BC61-ECDE6EDB9B2C} = {3D0230CC-6D28-4B4D-B3BA-58302301F78A}
		{0D9949E4-D87E-409A-AD68-E517F8337728} = {8238CB7E-6F66-40DC-861C-AEBE50F4887A}
		{4C2FA2E9-8AB2-4ADE-BE89-2C34EF6301AC} = {3D0230CC-6D28-4B4D-B3BA-58302301F78A}
		{03493AD5-AC85-479D-82FD-E2EE817E1AA8} = {75A1D3AF-E61F-4BD1-BF3E-DD5E8DD99BDF}
		{AC1DBE39-4F6B-4391-91DC-2214C8475996} = {03493AD5-AC85-479D-82FD-E2EE817E1AA8}
		{51C5E6C3-E14F-44F4-B0EB-328051845B9F} = {03493AD5-AC85-479D-82FD-E2EE817E1AA8}
		{B65ADC4D-E634-4D2F-8E81-E159893FCB98} = {03493AD5-AC85-479D-82FD-E2EE817E1AA8}
		{B86F0550-B934-4C1A-89F9-310CB4B5660D} = {03493AD5-AC85-479D-82FD-E2EE817E1AA8}
	EndGlobalSection
	GlobalSection(ExtensibilityGlobals) = postSolution
		SolutionGuid = {70492B5C-778F-4934-AF28-85BA58775A20}
	EndGlobalSection
EndGlobal
